
Microsoft Visual Studio Solution File, Format Version 12.00
# Visual Studio Version 17
VisualStudioVersion = 17.13.35806.99 d17.13
MinimumVisualStudioVersion = 10.0.40219.1
Project("{FAE04EC0-301F-11D3-BF4B-00C04F79EFBC}") = "ConsoleApp1", "ConsoleApp1.csproj", "{3566135E-342E-4C44-94E6-B5D384F9E4F6}"
EndProject
Project("{FAE04EC0-301F-11D3-BF4B-00C04F79EFBC}") = "ConsoleApp2", "..\ConsoleApp2\ConsoleApp2.csproj", "{D9E19A1C-4128-4466-840C-4591477F6736}"
EndProject
Project("{FAE04EC0-301F-11D3-BF4B-00C04F79EFBC}") = "ConsoleApp3Exemplo", "..\ConsoleApp3Exemplo\ConsoleApp3Exemplo.csproj", "{F74CBAE2-A1E9-4E14-8123-BD265DC58354}"
EndProject
Global
	GlobalSection(SolutionConfigurationPlatforms) = preSolution
		Debug|Any CPU = Debug|Any CPU
		Release|Any CPU = Release|Any CPU
	EndGlobalSection
	GlobalSection(ProjectConfigurationPlatforms) = postSolution
		{3566135E-342E-4C44-94E6-B5D384F9E4F6}.Debug|Any CPU.ActiveCfg = Debug|Any CPU
		{3566135E-342E-4C44-94E6-B5D384F9E4F6}.Debug|Any CPU.Build.0 = Debug|Any CPU
		{3566135E-342E-4C44-94E6-B5D384F9E4F6}.Release|Any CPU.ActiveCfg = Release|Any CPU
		{3566135E-342E-4C44-94E6-B5D384F9E4F6}.Release|Any CPU.Build.0 = Release|Any CPU
		{D9E19A1C-4128-4466-840C-4591477F6736}.Debug|Any CPU.ActiveCfg = Debug|Any CPU
		{D9E19A1C-4128-4466-840C-4591477F6736}.Debug|Any CPU.Build.0 = Debug|Any CPU
		{D9E19A1C-4128-4466-840C-4591477F6736}.Release|Any CPU.ActiveCfg = Release|Any CPU
		{D9E19A1C-4128-4466-840C-4591477F6736}.Release|Any CPU.Build.0 = Release|Any CPU
		{F74CBAE2-A1E9-4E14-8123-BD265DC58354}.Debug|Any CPU.ActiveCfg = Debug|Any CPU
		{F74CBAE2-A1E9-4E14-8123-BD265DC58354}.Debug|Any CPU.Build.0 = Debug|Any CPU
		{F74CBAE2-A1E9-4E14-8123-BD265DC58354}.Release|Any CPU.ActiveCfg = Release|Any CPU
		{F74CBAE2-A1E9-4E14-8123-BD265DC58354}.Release|Any CPU.Build.0 = Release|Any CPU
	EndGlobalSection
	GlobalSection(SolutionProperties) = preSolution
		HideSolutionNode = FALSE
	EndGlobalSection
	GlobalSection(ExtensibilityGlobals) = postSolution
		SolutionGuid = {E14207D8-DC52-4DA3-883D-27F3939EBACC}
	EndGlobalSection
EndGlobal
